
Microsoft Visual Studio Solution File, Format Version 12.00
# Visual Studio Version 17
VisualStudioVersion = 17.0.31903.59
MinimumVisualStudioVersion = 10.0.40219.1
Project("{FAE04EC0-301F-11D3-BF4B-00C04F79EFBC}") = "TournamentCalendarAPI", "TournamentCalendarAPI\TournamentCalendarAPI.csproj", "{FA91345D-E595-4B2D-9C38-9FA2F3AE1DBC}"
EndProject
Project("{FAE04EC0-301F-11D3-BF4B-00C04F79EFBC}") = "TournamentCalendarAPI.Tests", "TournamentCalendarAPI.Tests\TournamentCalendarAPI.Tests.csproj", "{F07B4C6A-DF0C-4322-839E-A419CE855134}"
EndProject
Global
	GlobalSection(SolutionConfigurationPlatforms) = preSolution
		Debug|Any CPU = Debug|Any CPU
		Release|Any CPU = Release|Any CPU
	EndGlobalSection
	GlobalSection(ProjectConfigurationPlatforms) = postSolution
		{FA91345D-E595-4B2D-9C38-9FA2F3AE1DBC}.Debug|Any CPU.ActiveCfg = Debug|Any CPU
		{FA91345D-E595-4B2D-9C38-9FA2F3AE1DBC}.Debug|Any CPU.Build.0 = Debug|Any CPU
		{FA91345D-E595-4B2D-9C38-9FA2F3AE1DBC}.Release|Any CPU.ActiveCfg = Release|Any CPU
		{FA91345D-E595-4B2D-9C38-9FA2F3AE1DBC}.Release|Any CPU.Build.0 = Release|Any CPU
		{F07B4C6A-DF0C-4322-839E-A419CE855134}.Debug|Any CPU.ActiveCfg = Debug|Any CPU
		{F07B4C6A-DF0C-4322-839E-A419CE855134}.Debug|Any CPU.Build.0 = Debug|Any CPU
		{F07B4C6A-DF0C-4322-839E-A419CE855134}.Release|Any CPU.ActiveCfg = Release|Any CPU
		{F07B4C6A-DF0C-4322-839E-A419CE855134}.Release|Any CPU.Build.0 = Release|Any CPU
	EndGlobalSection
	GlobalSection(SolutionProperties) = preSolution
		HideSolutionNode = FALSE
	EndGlobalSection
EndGlobal
